// !$*UTF8*$!
{
	archiveVersion = 1;
	classes = {
	};
	objectVersion = 50;
	objects = {

/* Begin PBXBuildFile section */
		D9403E4036913F51DEECC5FD /* Pods_InstagramBrowser.framework in Frameworks */ = {isa = PBXBuildFile; fileRef = 2AE9E2902B83977E5BDA551F /* Pods_InstagramBrowser.framework */; };
		F3AD561422845428001BB7B1 /* AppDelegate.swift in Sources */ = {isa = PBXBuildFile; fileRef = F3AD561322845428001BB7B1 /* AppDelegate.swift */; };
		F3AD561622845428001BB7B1 /* ViewController.swift in Sources */ = {isa = PBXBuildFile; fileRef = F3AD561522845428001BB7B1 /* ViewController.swift */; };
		F3AD561922845428001BB7B1 /* Main.storyboard in Resources */ = {isa = PBXBuildFile; fileRef = F3AD561722845428001BB7B1 /* Main.storyboard */; };
		F3AD561B22845434001BB7B1 /* Assets.xcassets in Resources */ = {isa = PBXBuildFile; fileRef = F3AD561A22845434001BB7B1 /* Assets.xcassets */; };
		F3AD561E22845434001BB7B1 /* LaunchScreen.storyboard in Resources */ = {isa = PBXBuildFile; fileRef = F3AD561C22845434001BB7B1 /* LaunchScreen.storyboard */; };
/* End PBXBuildFile section */

/* Begin PBXFileReference section */
		2AE9E2902B83977E5BDA551F /* Pods_InstagramBrowser.framework */ = {isa = PBXFileReference; explicitFileType = wrapper.framework; includeInIndex = 0; path = Pods_InstagramBrowser.framework; sourceTree = BUILT_PRODUCTS_DIR; };
		44BCCF2FCE5554B11ABBBAAA /* Pods-InstagramBrowser.release.xcconfig */ = {isa = PBXFileReference; includeInIndex = 1; lastKnownFileType = text.xcconfig; name = "Pods-InstagramBrowser.release.xcconfig"; path = "Target Support Files/Pods-InstagramBrowser/Pods-InstagramBrowser.release.xcconfig"; sourceTree = "<group>"; };
		8530E3B626CBC1C0DC3B733F /* Pods-InstagramBrowser.debug.xcconfig */ = {isa = PBXFileReference; includeInIndex = 1; lastKnownFileType = text.xcconfig; name = "Pods-InstagramBrowser.debug.xcconfig"; path = "Target Support Files/Pods-InstagramBrowser/Pods-InstagramBrowser.debug.xcconfig"; sourceTree = "<group>"; };
		F3AD561022845428001BB7B1 /* MyInstagram.app */ = {isa = PBXFileReference; explicitFileType = wrapper.application; includeInIndex = 0; path = MyInstagram.app; sourceTree = BUILT_PRODUCTS_DIR; };
		F3AD561322845428001BB7B1 /* AppDelegate.swift */ = {isa = PBXFileReference; lastKnownFileType = sourcecode.swift; path = AppDelegate.swift; sourceTree = "<group>"; };
		F3AD561522845428001BB7B1 /* ViewController.swift */ = {isa = PBXFileReference; lastKnownFileType = sourcecode.swift; path = ViewController.swift; sourceTree = "<group>"; };
		F3AD561822845428001BB7B1 /* Base */ = {isa = PBXFileReference; lastKnownFileType = file.storyboard; name = Base; path = Base.lproj/Main.storyboard; sourceTree = "<group>"; };
		F3AD561A22845434001BB7B1 /* Assets.xcassets */ = {isa = PBXFileReference; lastKnownFileType = folder.assetcatalog; path = Assets.xcassets; sourceTree = "<group>"; };
		F3AD561D22845434001BB7B1 /* Base */ = {isa = PBXFileReference; lastKnownFileType = file.storyboard; name = Base; path = Base.lproj/LaunchScreen.storyboard; sourceTree = "<group>"; };
		F3AD561F22845434001BB7B1 /* Info.plist */ = {isa = PBXFileReference; lastKnownFileType = text.plist.xml; path = Info.plist; sourceTree = "<group>"; };
/* End PBXFileReference section */

/* Begin PBXFrameworksBuildPhase section */
		F3AD560D22845428001BB7B1 /* Frameworks */ = {
			isa = PBXFrameworksBuildPhase;
			buildActionMask = 2147483647;
			files = (
				D9403E4036913F51DEECC5FD /* Pods_InstagramBrowser.framework in Frameworks */,
			);
			runOnlyForDeploymentPostprocessing = 0;
		};
/* End PBXFrameworksBuildPhase section */

/* Begin PBXGroup section */
		6038B88E716ACB27BB6C9E32 /* Frameworks */ = {
			isa = PBXGroup;
			children = (
				2AE9E2902B83977E5BDA551F /* Pods_InstagramBrowser.framework */,
			);
			name = Frameworks;
			sourceTree = "<group>";
		};
		B19165599ADBB025C49C7FAD /* Pods */ = {
			isa = PBXGroup;
			children = (
				8530E3B626CBC1C0DC3B733F /* Pods-InstagramBrowser.debug.xcconfig */,
				44BCCF2FCE5554B11ABBBAAA /* Pods-InstagramBrowser.release.xcconfig */,
			);
			path = Pods;
			sourceTree = "<group>";
		};
		F3AD560722845428001BB7B1 = {
			isa = PBXGroup;
			children = (
				F3AD561222845428001BB7B1 /* MyInstagram */,
				F3AD561122845428001BB7B1 /* Products */,
				B19165599ADBB025C49C7FAD /* Pods */,
				6038B88E716ACB27BB6C9E32 /* Frameworks */,
			);
			sourceTree = "<group>";
		};
		F3AD561122845428001BB7B1 /* Products */ = {
			isa = PBXGroup;
			children = (
				F3AD561022845428001BB7B1 /* MyInstagram.app */,
			);
			name = Products;
			sourceTree = "<group>";
		};
		F3AD561222845428001BB7B1 /* MyInstagram */ = {
			isa = PBXGroup;
			children = (
				F3AD561322845428001BB7B1 /* AppDelegate.swift */,
				F3AD561522845428001BB7B1 /* ViewController.swift */,
				F3AD561722845428001BB7B1 /* Main.storyboard */,
				F3AD561A22845434001BB7B1 /* Assets.xcassets */,
				F3AD561C22845434001BB7B1 /* LaunchScreen.storyboard */,
				F3AD561F22845434001BB7B1 /* Info.plist */,
			);
			path = MyInstagram;
			sourceTree = "<group>";
		};
/* End PBXGroup section */

/* Begin PBXNativeTarget section */
		F3AD560F22845428001BB7B1 /* MyInstagram */ = {
			isa = PBXNativeTarget;
			buildConfigurationList = F3AD562222845434001BB7B1 /* Build configuration list for PBXNativeTarget "MyInstagram" */;
			buildPhases = (
				D63E814E45CEC29CA977FBCA /* [CP] Check Pods Manifest.lock */,
				F3AD560C22845428001BB7B1 /* Sources */,
				F3AD560D22845428001BB7B1 /* Frameworks */,
				F3AD560E22845428001BB7B1 /* Resources */,
				6DEDE7DD100641645D0AE916 /* [CP] Embed Pods Frameworks */,
			);
			buildRules = (
			);
			dependencies = (
			);
			name = MyInstagram;
			productName = InstagramBrowser;
			productReference = F3AD561022845428001BB7B1 /* MyInstagram.app */;
			productType = "com.apple.product-type.application";
		};
/* End PBXNativeTarget section */

/* Begin PBXProject section */
		F3AD560822845428001BB7B1 /* Project object */ = {
			isa = PBXProject;
			attributes = {
				LastSwiftUpdateCheck = 1020;
				LastUpgradeCheck = 1020;
				ORGANIZATIONNAME = KMHK;
				TargetAttributes = {
					F3AD560F22845428001BB7B1 = {
						CreatedOnToolsVersion = 10.2;
					};
				};
			};
			buildConfigurationList = F3AD560B22845428001BB7B1 /* Build configuration list for PBXProject "MyInstagram" */;
			compatibilityVersion = "Xcode 9.3";
			developmentRegion = en;
			hasScannedForEncodings = 0;
			knownRegions = (
				en,
				Base,
			);
			mainGroup = F3AD560722845428001BB7B1;
			productRefGroup = F3AD561122845428001BB7B1 /* Products */;
			projectDirPath = "";
			projectRoot = "";
			targets = (
				F3AD560F22845428001BB7B1 /* MyInstagram */,
			);
		};
/* End PBXProject section */

/* Begin PBXResourcesBuildPhase section */
		F3AD560E22845428001BB7B1 /* Resources */ = {
			isa = PBXResourcesBuildPhase;
			buildActionMask = 2147483647;
			files = (
				F3AD561E22845434001BB7B1 /* LaunchScreen.storyboard in Resources */,
				F3AD561B22845434001BB7B1 /* Assets.xcassets in Resources */,
				F3AD561922845428001BB7B1 /* Main.storyboard in Resources */,
			);
			runOnlyForDeploymentPostprocessing = 0;
		};
/* End PBXResourcesBuildPhase section */

/* Begin PBXShellScriptBuildPhase section */
		6DEDE7DD100641645D0AE916 /* [CP] Embed Pods Frameworks */ = {
			isa = PBXShellScriptBuildPhase;
			buildActionMask = 2147483647;
			files = (
			);
			inputFileListPaths = (
			);
			inputPaths = (
				"${PODS_ROOT}/Target Support Files/Pods-InstagramBrowser/Pods-InstagramBrowser-frameworks.sh",
				"${BUILT_PRODUCTS_DIR}/InstagramImagePicker/InstagramImagePicker.framework",
				"${BUILT_PRODUCTS_DIR}/NXOAuth2Client/NXOAuth2Client.framework",
			);
			name = "[CP] Embed Pods Frameworks";
			outputFileListPaths = (
			);
			outputPaths = (
				"${TARGET_BUILD_DIR}/${FRAMEWORKS_FOLDER_PATH}/InstagramImagePicker.framework",
				"${TARGET_BUILD_DIR}/${FRAMEWORKS_FOLDER_PATH}/NXOAuth2Client.framework",
			);
			runOnlyForDeploymentPostprocessing = 0;
			shellPath = /bin/sh;
			shellScript = "\"${PODS_ROOT}/Target Support Files/Pods-InstagramBrowser/Pods-InstagramBrowser-frameworks.sh\"\n";
			showEnvVarsInLog = 0;
		};
		D63E814E45CEC29CA977FBCA /* [CP] Check Pods Manifest.lock */ = {
			isa = PBXShellScriptBuildPhase;
			buildActionMask = 2147483647;
			files = (
			);
			inputFileListPaths = (
			);
			inputPaths = (
				"${PODS_PODFILE_DIR_PATH}/Podfile.lock",
				"${PODS_ROOT}/Manifest.lock",
			);
			name = "[CP] Check Pods Manifest.lock";
			outputFileListPaths = (
			);
			outputPaths = (
				"$(DERIVED_FILE_DIR)/Pods-InstagramBrowser-checkManifestLockResult.txt",
			);
			runOnlyForDeploymentPostprocessing = 0;
			shellPath = /bin/sh;
			shellScript = "diff \"${PODS_PODFILE_DIR_PATH}/Podfile.lock\" \"${PODS_ROOT}/Manifest.lock\" > /dev/null\nif [ $? != 0 ] ; then\n    # print error to STDERR\n    echo \"error: The sandbox is not in sync with the Podfile.lock. Run 'pod install' or update your CocoaPods installation.\" >&2\n    exit 1\nfi\n# This output is used by Xcode 'outputs' to avoid re-running this script phase.\necho \"SUCCESS\" > \"${SCRIPT_OUTPUT_FILE_0}\"\n";
			showEnvVarsInLog = 0;
		};
/* End PBXShellScriptBuildPhase section */

/* Begin PBXSourcesBuildPhase section */
		F3AD560C22845428001BB7B1 /* Sources */ = {
			isa = PBXSourcesBuildPhase;
			buildActionMask = 2147483647;
			files = (
				F3AD561622845428001BB7B1 /* ViewController.swift in Sources */,
				F3AD561422845428001BB7B1 /* AppDelegate.swift in Sources */,
			);
			runOnlyForDeploymentPostprocessing = 0;
		};
/* End PBXSourcesBuildPhase section */

/* Begin PBXVariantGroup section */
		F3AD561722845428001BB7B1 /* Main.storyboard */ = {
			isa = PBXVariantGroup;
			children = (
				F3AD561822845428001BB7B1 /* Base */,
			);
			name = Main.storyboard;
			sourceTree = "<group>";
		};
		F3AD561C22845434001BB7B1 /* LaunchScreen.storyboard */ = {
			isa = PBXVariantGroup;
			children = (
				F3AD561D22845434001BB7B1 /* Base */,
			);
			name = LaunchScreen.storyboard;
			sourceTree = "<group>";
		};
/* End PBXVariantGroup section */

/* Begin XCBuildConfiguration section */
		F3AD562022845434001BB7B1 /* Debug */ = {
			isa = XCBuildConfiguration;
			buildSettings = {
				ALWAYS_SEARCH_USER_PATHS = NO;
				CLANG_ANALYZER_NONNULL = YES;
				CLANG_ANALYZER_NUMBER_OBJECT_CONVERSION = YES_AGGRESSIVE;
				CLANG_CXX_LANGUAGE_STANDARD = "gnu++14";
				CLANG_CXX_LIBRARY = "libc++";
				CLANG_ENABLE_MODULES = YES;
				CLANG_ENABLE_OBJC_ARC = YES;
				CLANG_ENABLE_OBJC_WEAK = YES;
				CLANG_WARN_BLOCK_CAPTURE_AUTORELEASING = YES;
				CLANG_WARN_BOOL_CONVERSION = YES;
				CLANG_WARN_COMMA = YES;
				CLANG_WARN_CONSTANT_CONVERSION = YES;
				CLANG_WARN_DEPRECATED_OBJC_IMPLEMENTATIONS = YES;
				CLANG_WARN_DIRECT_OBJC_ISA_USAGE = YES_ERROR;
				CLANG_WARN_DOCUMENTATION_COMMENTS = YES;
				CLANG_WARN_EMPTY_BODY = YES;
				CLANG_WARN_ENUM_CONVERSION = YES;
				CLANG_WARN_INFINITE_RECURSION = YES;
				CLANG_WARN_INT_CONVERSION = YES;
				CLANG_WARN_NON_LITERAL_NULL_CONVERSION = YES;
				CLANG_WARN_OBJC_IMPLICIT_RETAIN_SELF = YES;
				CLANG_WARN_OBJC_LITERAL_CONVERSION = YES;
				CLANG_WARN_OBJC_ROOT_CLASS = YES_ERROR;
				CLANG_WARN_RANGE_LOOP_ANALYSIS = YES;
				CLANG_WARN_STRICT_PROTOTYPES = YES;
				CLANG_WARN_SUSPICIOUS_MOVE = YES;
				CLANG_WARN_UNGUARDED_AVAILABILITY = YES_AGGRESSIVE;
				CLANG_WARN_UNREACHABLE_CODE = YES;
				CLANG_WARN__DUPLICATE_METHOD_MATCH = YES;
				CODE_SIGN_IDENTITY = "iPhone Developer";
				COPY_PHASE_STRIP = NO;
				DEBUG_INFORMATION_FORMAT = dwarf;
				ENABLE_STRICT_OBJC_MSGSEND = YES;
				ENABLE_TESTABILITY = YES;
				GCC_C_LANGUAGE_STANDARD = gnu11;
				GCC_DYNAMIC_NO_PIC = NO;
				GCC_NO_COMMON_BLOCKS = YES;
				GCC_OPTIMIZATION_LEVEL = 0;
				GCC_PREPROCESSOR_DEFINITIONS = (
					"DEBUG=1",
					"$(inherited)",
				);
				GCC_WARN_64_TO_32_BIT_CONVERSION = YES;
				GCC_WARN_ABOUT_RETURN_TYPE = YES_ERROR;
				GCC_WARN_UNDECLARED_SELECTOR = YES;
				GCC_WARN_UNINITIALIZED_AUTOS = YES_AGGRESSIVE;
				GCC_WARN_UNUSED_FUNCTION = YES;
				GCC_WARN_UNUSED_VARIABLE = YES;
				IPHONEOS_DEPLOYMENT_TARGET = 12.2;
				MTL_ENABLE_DEBUG_INFO = INCLUDE_SOURCE;
				MTL_FAST_MATH = YES;
				ONLY_ACTIVE_ARCH = YES;
				SDKROOT = iphoneos;
				SWIFT_ACTIVE_COMPILATION_CONDITIONS = DEBUG;
				SWIFT_OPTIMIZATION_LEVEL = "-Onone";
			};
			name = Debug;
		};
		F3AD562122845434001BB7B1 /* Release */ = {
			isa = XCBuildConfiguration;
			buildSettings = {
				ALWAYS_SEARCH_USER_PATHS = NO;
				CLANG_ANALYZER_NONNULL = YES;
				CLANG_ANALYZER_NUMBER_OBJECT_CONVERSION = YES_AGGRESSIVE;
				CLANG_CXX_LANGUAGE_STANDARD = "gnu++14";
				CLANG_CXX_LIBRARY = "libc++";
				CLANG_ENABLE_MODULES = YES;
				CLANG_ENABLE_OBJC_ARC = YES;
				CLANG_ENABLE_OBJC_WEAK = YES;
				CLANG_WARN_BLOCK_CAPTURE_AUTORELEASING = YES;
				CLANG_WARN_BOOL_CONVERSION = YES;
				CLANG_WARN_COMMA = YES;
				CLANG_WARN_CONSTANT_CONVERSION = YES;
				CLANG_WARN_DEPRECATED_OBJC_IMPLEMENTATIONS = YES;
				CLANG_WARN_DIRECT_OBJC_ISA_USAGE = YES_ERROR;
				CLANG_WARN_DOCUMENTATION_COMMENTS = YES;
				CLANG_WARN_EMPTY_BODY = YES;
				CLANG_WARN_ENUM_CONVERSION = YES;
				CLANG_WARN_INFINITE_RECURSION = YES;
				CLANG_WARN_INT_CONVERSION = YES;
				CLANG_WARN_NON_LITERAL_NULL_CONVERSION = YES;
				CLANG_WARN_OBJC_IMPLICIT_RETAIN_SELF = YES;
				CLANG_WARN_OBJC_LITERAL_CONVERSION = YES;
				CLANG_WARN_OBJC_ROOT_CLASS = YES_ERROR;
				CLANG_WARN_RANGE_LOOP_ANALYSIS = YES;
				CLANG_WARN_STRICT_PROTOTYPES = YES;
				CLANG_WARN_SUSPICIOUS_MOVE = YES;
				CLANG_WARN_UNGUARDED_AVAILABILITY = YES_AGGRESSIVE;
				CLANG_WARN_UNREACHABLE_CODE = YES;
				CLANG_WARN__DUPLICATE_METHOD_MATCH = YES;
				CODE_SIGN_IDENTITY = "iPhone Developer";
				COPY_PHASE_STRIP = NO;
				DEBUG_INFORMATION_FORMAT = "dwarf-with-dsym";
				ENABLE_NS_ASSERTIONS = NO;
				ENABLE_STRICT_OBJC_MSGSEND = YES;
				GCC_C_LANGUAGE_STANDARD = gnu11;
				GCC_NO_COMMON_BLOCKS = YES;
				GCC_WARN_64_TO_32_BIT_CONVERSION = YES;
				GCC_WARN_ABOUT_RETURN_TYPE = YES_ERROR;
				GCC_WARN_UNDECLARED_SELECTOR = YES;
				GCC_WARN_UNINITIALIZED_AUTOS = YES_AGGRESSIVE;
				GCC_WARN_UNUSED_FUNCTION = YES;
				GCC_WARN_UNUSED_VARIABLE = YES;
				IPHONEOS_DEPLOYMENT_TARGET = 12.2;
				MTL_ENABLE_DEBUG_INFO = NO;
				MTL_FAST_MATH = YES;
				SDKROOT = iphoneos;
				SWIFT_COMPILATION_MODE = wholemodule;
				SWIFT_OPTIMIZATION_LEVEL = "-O";
				VALIDATE_PRODUCT = YES;
			};
			name = Release;
		};
		F3AD562322845434001BB7B1 /* Debug */ = {
			isa = XCBuildConfiguration;
			baseConfigurationReference = 8530E3B626CBC1C0DC3B733F /* Pods-InstagramBrowser.debug.xcconfig */;
			buildSettings = {
				ASSETCATALOG_COMPILER_APPICON_NAME = AppIcon;
				CODE_SIGN_STYLE = Automatic;
				INFOPLIST_FILE = InstagramBrowser/Info.plist;
				LD_RUNPATH_SEARCH_PATHS = (
					"$(inherited)",
					"@executable_path/Frameworks",
				);
				PRODUCT_BUNDLE_IDENTIFIER = com.comet.myInstagram;
				PRODUCT_NAME = "$(TARGET_NAME)";
				SWIFT_VERSION = 5.0;
				TARGETED_DEVICE_FAMILY = "1,2";
			};
			name = Debug;
		};
		F3AD562422845434001BB7B1 /* Release */ = {
			isa = XCBuildConfiguration;
			baseConfigurationReference = 44BCCF2FCE5554B11ABBBAAA /* Pods-InstagramBrowser.release.xcconfig */;
			buildSettings = {
				ASSETCATALOG_COMPILER_APPICON_NAME = AppIcon;
				CODE_SIGN_STYLE = Automatic;
				INFOPLIST_FILE = InstagramBrowser/Info.plist;
				LD_RUNPATH_SEARCH_PATHS = (
					"$(inherited)",
					"@executable_path/Frameworks",
				);
				PRODUCT_BUNDLE_IDENTIFIER = com.comet.myInstagram;
				PRODUCT_NAME = "$(TARGET_NAME)";
				SWIFT_VERSION = 5.0;
				TARGETED_DEVICE_FAMILY = "1,2";
			};
			name = Release;
		};
/* End XCBuildConfiguration section */

/* Begin XCConfigurationList section */
		F3AD560B22845428001BB7B1 /* Build configuration list for PBXProject "MyInstagram" */ = {
			isa = XCConfigurationList;
			buildConfigurations = (
				F3AD562022845434001BB7B1 /* Debug */,
				F3AD562122845434001BB7B1 /* Release */,
			);
			defaultConfigurationIsVisible = 0;
			defaultConfigurationName = Release;
		};
		F3AD562222845434001BB7B1 /* Build configuration list for PBXNativeTarget "MyInstagram" */ = {
			isa = XCConfigurationList;
			buildConfigurations = (
				F3AD562322845434001BB7B1 /* Debug */,
				F3AD562422845434001BB7B1 /* Release */,
			);
			defaultConfigurationIsVisible = 0;
			defaultConfigurationName = Release;
		};
/* End XCConfigurationList section */
	};
	rootObject = F3AD560822845428001BB7B1 /* Project object */;
}
